{
  "name": "@demmings/gssql",
  "version": "1.1.48",
  "lockfileVersion": 2,
  "requires": true,
  "packages": {
    "": {
      "name": "@demmings/gssql",
      "version": "1.1.48",
      "license": "ISC",
      "dependencies": {
        "gas-local": "^1.3.1"
      }
    },
    "node_modules/date-format": {
      "version": "1.2.0",
      "resolved": "https://registry.npmjs.org/date-format/-/date-format-1.2.0.tgz",
      "integrity": "sha512-lAJqBmFzCLcDJdI9cEnJ7loSkLTh1PbIgZUndlzvYbf6NyFEr5n9rQhOwr6CIGwZqyQ3sYeQQiP9NOVQmgmRMA==",
      "deprecated": "1.x is no longer supported. Please upgrade to 4.x or higher.",
      "engines": {
        "node": ">=4.0"
      }
    },
    "node_modules/gas-local": {
      "version": "1.3.1",
      "resolved": "https://registry.npmjs.org/gas-local/-/gas-local-1.3.1.tgz",
      "integrity": "sha512-jlxWHwP3u9omW0jANzKRT5/BqmLNI5Rt+A+AtuBv2WTIF5g5tOxVyRlFshTljGDaHR14lWUL//yU94e/KAM35w==",
      "dependencies": {
        "date-format": "^1.2.0"
      }
    }
  },
  "dependencies": {
    "date-format": {
      "version": "1.2.0",
      "resolved": "https://registry.npmjs.org/date-format/-/date-format-1.2.0.tgz",
      "integrity": "sha512-lAJqBmFzCLcDJdI9cEnJ7loSkLTh1PbIgZUndlzvYbf6NyFEr5n9rQhOwr6CIGwZqyQ3sYeQQiP9NOVQmgmRMA=="
    },
    "gas-local": {
      "version": "1.3.1",
      "resolved": "https://registry.npmjs.org/gas-local/-/gas-local-1.3.1.tgz",
      "integrity": "sha512-jlxWHwP3u9omW0jANzKRT5/BqmLNI5Rt+A+AtuBv2WTIF5g5tOxVyRlFshTljGDaHR14lWUL//yU94e/KAM35w==",
      "requires": {
        "date-format": "^1.2.0"
      }
    }
  }
}
